
Microsoft Visual Studio Solution File, Format Version 12.00
# Visual Studio 14
VisualStudioVersion = 14.0.25420.1
MinimumVisualStudioVersion = 10.0.40219.1
Project("{FAE04EC0-301F-11D3-BF4B-00C04F79EFBC}") = "BookShopSystem.Models", "BookShopSystem.Models\BookShopSystem.Models.csproj", "{E8E6D292-E67F-4417-8A1D-B772BD7ECB94}"
EndProject
Project("{FAE04EC0-301F-11D3-BF4B-00C04F79EFBC}") = "BookShopSystem.Data", "BookShopSystem.Data\BookShopSystem.Data.csproj", "{CB70454D-3738-4975-A6C5-A0BF19DB3505}"
EndProject
Project("{FAE04EC0-301F-11D3-BF4B-00C04F79EFBC}") = "BookShopSystem.ConsoleClient", "BookShopSystem.ConsoleClient\BookShopSystem.ConsoleClient.csproj", "{E587D848-C6C7-4153-9C44-BEBD69E30FBC}"
EndProject
Global
	GlobalSection(SolutionConfigurationPlatforms) = preSolution
		Debug|Any CPU = Debug|Any CPU
		Release|Any CPU = Release|Any CPU
	EndGlobalSection
	GlobalSection(ProjectConfigurationPlatforms) = postSolution
		{E8E6D292-E67F-4417-8A1D-B772BD7ECB94}.Debug|Any CPU.ActiveCfg = Debug|Any CPU
		{E8E6D292-E67F-4417-8A1D-B772BD7ECB94}.Debug|Any CPU.Build.0 = Debug|Any CPU
		{E8E6D292-E67F-4417-8A1D-B772BD7ECB94}.Release|Any CPU.ActiveCfg = Release|Any CPU
		{E8E6D292-E67F-4417-8A1D-B772BD7ECB94}.Release|Any CPU.Build.0 = Release|Any CPU
		{CB70454D-3738-4975-A6C5-A0BF19DB3505}.Debug|Any CPU.ActiveCfg = Debug|Any CPU
		{CB70454D-3738-4975-A6C5-A0BF19DB3505}.Debug|Any CPU.Build.0 = Debug|Any CPU
		{CB70454D-3738-4975-A6C5-A0BF19DB3505}.Release|Any CPU.ActiveCfg = Release|Any CPU
		{CB70454D-3738-4975-A6C5-A0BF19DB3505}.Release|Any CPU.Build.0 = Release|Any CPU
		{E587D848-C6C7-4153-9C44-BEBD69E30FBC}.Debug|Any CPU.ActiveCfg = Debug|Any CPU
		{E587D848-C6C7-4153-9C44-BEBD69E30FBC}.Debug|Any CPU.Build.0 = Debug|Any CPU
		{E587D848-C6C7-4153-9C44-BEBD69E30FBC}.Release|Any CPU.ActiveCfg = Release|Any CPU
		{E587D848-C6C7-4153-9C44-BEBD69E30FBC}.Release|Any CPU.Build.0 = Release|Any CPU
	EndGlobalSection
	GlobalSection(SolutionProperties) = preSolution
		HideSolutionNode = FALSE
	EndGlobalSection
EndGlobal
