
Microsoft Visual Studio Solution File, Format Version 12.00
# Visual Studio 14
VisualStudioVersion = 14.0.24720.0
MinimumVisualStudioVersion = 10.0.40219.1
Project("{FAE04EC0-301F-11D3-BF4B-00C04F79EFBC}") = "InitialSetup", "InitialSetup\InitialSetup.csproj", "{38308D75-1A13-4AEF-ABC1-1CAA4E26347F}"
EndProject
Project("{FAE04EC0-301F-11D3-BF4B-00C04F79EFBC}") = "02.GetVillainsNames", "02.GetVillainsNames\02.GetVillainsNames.csproj", "{3C30B942-FF66-40EE-8A51-D981068586BA}"
EndProject
Project("{FAE04EC0-301F-11D3-BF4B-00C04F79EFBC}") = "03.GetMinionNames", "03.GetMinionNames\03.GetMinionNames.csproj", "{1A075888-AB83-49A2-A422-4530124B83E1}"
EndProject
Project("{FAE04EC0-301F-11D3-BF4B-00C04F79EFBC}") = "04_AddMinion", "04_AddMinion\04_AddMinion.csproj", "{6880CD2B-9F5F-4AFB-B5B1-79A7A1F3EECB}"
EndProject
Project("{FAE04EC0-301F-11D3-BF4B-00C04F79EFBC}") = "05_ChangeTownNamesCasing", "05_ChangeTownNamesCasing\05_ChangeTownNamesCasing.csproj", "{706D64D8-1C71-485C-9A45-46E21583CD3F}"
EndProject
Project("{FAE04EC0-301F-11D3-BF4B-00C04F79EFBC}") = "07_Print All Minion Names", "07_Print All Minion Names\07_Print All Minion Names.csproj", "{2DAE7C58-B2EB-42C1-AAB0-B0FA7CCD9D21}"
EndProject
Project("{FAE04EC0-301F-11D3-BF4B-00C04F79EFBC}") = "08_IncreaseMinionsAge", "08_IncreaseMinionsAge\08_IncreaseMinionsAge.csproj", "{D2B875EA-FBB2-4F42-9DAF-2CCC4F0BC2A2}"
EndProject
Project("{FAE04EC0-301F-11D3-BF4B-00C04F79EFBC}") = "09_Increase Age Stored Procedure", "09_Increase Age Stored Procedure\09_Increase Age Stored Procedure.csproj", "{86BABEBE-AA48-48A9-94FB-A59763DA94B6}"
EndProject
Global
	GlobalSection(SolutionConfigurationPlatforms) = preSolution
		Debug|Any CPU = Debug|Any CPU
		Release|Any CPU = Release|Any CPU
	EndGlobalSection
	GlobalSection(ProjectConfigurationPlatforms) = postSolution
		{38308D75-1A13-4AEF-ABC1-1CAA4E26347F}.Debug|Any CPU.ActiveCfg = Debug|Any CPU
		{38308D75-1A13-4AEF-ABC1-1CAA4E26347F}.Debug|Any CPU.Build.0 = Debug|Any CPU
		{38308D75-1A13-4AEF-ABC1-1CAA4E26347F}.Release|Any CPU.ActiveCfg = Release|Any CPU
		{38308D75-1A13-4AEF-ABC1-1CAA4E26347F}.Release|Any CPU.Build.0 = Release|Any CPU
		{3C30B942-FF66-40EE-8A51-D981068586BA}.Debug|Any CPU.ActiveCfg = Debug|Any CPU
		{3C30B942-FF66-40EE-8A51-D981068586BA}.Debug|Any CPU.Build.0 = Debug|Any CPU
		{3C30B942-FF66-40EE-8A51-D981068586BA}.Release|Any CPU.ActiveCfg = Release|Any CPU
		{3C30B942-FF66-40EE-8A51-D981068586BA}.Release|Any CPU.Build.0 = Release|Any CPU
		{1A075888-AB83-49A2-A422-4530124B83E1}.Debug|Any CPU.ActiveCfg = Debug|Any CPU
		{1A075888-AB83-49A2-A422-4530124B83E1}.Debug|Any CPU.Build.0 = Debug|Any CPU
		{1A075888-AB83-49A2-A422-4530124B83E1}.Release|Any CPU.ActiveCfg = Release|Any CPU
		{1A075888-AB83-49A2-A422-4530124B83E1}.Release|Any CPU.Build.0 = Release|Any CPU
		{6880CD2B-9F5F-4AFB-B5B1-79A7A1F3EECB}.Debug|Any CPU.ActiveCfg = Debug|Any CPU
		{6880CD2B-9F5F-4AFB-B5B1-79A7A1F3EECB}.Debug|Any CPU.Build.0 = Debug|Any CPU
		{6880CD2B-9F5F-4AFB-B5B1-79A7A1F3EECB}.Release|Any CPU.ActiveCfg = Release|Any CPU
		{6880CD2B-9F5F-4AFB-B5B1-79A7A1F3EECB}.Release|Any CPU.Build.0 = Release|Any CPU
		{706D64D8-1C71-485C-9A45-46E21583CD3F}.Debug|Any CPU.ActiveCfg = Debug|Any CPU
		{706D64D8-1C71-485C-9A45-46E21583CD3F}.Debug|Any CPU.Build.0 = Debug|Any CPU
		{706D64D8-1C71-485C-9A45-46E21583CD3F}.Release|Any CPU.ActiveCfg = Release|Any CPU
		{706D64D8-1C71-485C-9A45-46E21583CD3F}.Release|Any CPU.Build.0 = Release|Any CPU
		{2DAE7C58-B2EB-42C1-AAB0-B0FA7CCD9D21}.Debug|Any CPU.ActiveCfg = Debug|Any CPU
		{2DAE7C58-B2EB-42C1-AAB0-B0FA7CCD9D21}.Debug|Any CPU.Build.0 = Debug|Any CPU
		{2DAE7C58-B2EB-42C1-AAB0-B0FA7CCD9D21}.Release|Any CPU.ActiveCfg = Release|Any CPU
		{2DAE7C58-B2EB-42C1-AAB0-B0FA7CCD9D21}.Release|Any CPU.Build.0 = Release|Any CPU
		{D2B875EA-FBB2-4F42-9DAF-2CCC4F0BC2A2}.Debug|Any CPU.ActiveCfg = Debug|Any CPU
		{D2B875EA-FBB2-4F42-9DAF-2CCC4F0BC2A2}.Debug|Any CPU.Build.0 = Debug|Any CPU
		{D2B875EA-FBB2-4F42-9DAF-2CCC4F0BC2A2}.Release|Any CPU.ActiveCfg = Release|Any CPU
		{D2B875EA-FBB2-4F42-9DAF-2CCC4F0BC2A2}.Release|Any CPU.Build.0 = Release|Any CPU
		{86BABEBE-AA48-48A9-94FB-A59763DA94B6}.Debug|Any CPU.ActiveCfg = Debug|Any CPU
		{86BABEBE-AA48-48A9-94FB-A59763DA94B6}.Debug|Any CPU.Build.0 = Debug|Any CPU
		{86BABEBE-AA48-48A9-94FB-A59763DA94B6}.Release|Any CPU.ActiveCfg = Release|Any CPU
		{86BABEBE-AA48-48A9-94FB-A59763DA94B6}.Release|Any CPU.Build.0 = Release|Any CPU
	EndGlobalSection
	GlobalSection(SolutionProperties) = preSolution
		HideSolutionNode = FALSE
	EndGlobalSection
EndGlobal
