
Microsoft Visual Studio Solution File, Format Version 12.00
# Visual Studio 14
VisualStudioVersion = 14.0.24720.0
MinimumVisualStudioVersion = 10.0.40219.1
Project("{FAE04EC0-301F-11D3-BF4B-00C04F79EFBC}") = "InitialSetup", "InitialSetup\InitialSetup.csproj", "{38308D75-1A13-4AEF-ABC1-1CAA4E26347F}"
EndProject
Project("{FAE04EC0-301F-11D3-BF4B-00C04F79EFBC}") = "02.GetVillainsNames", "02.GetVillainsNames\02.GetVillainsNames.csproj", "{3C30B942-FF66-40EE-8A51-D981068586BA}"
EndProject
Project("{FAE04EC0-301F-11D3-BF4B-00C04F79EFBC}") = "03.GetMinionNames", "03.GetMinionNames\03.GetMinionNames.csproj", "{1A075888-AB83-49A2-A422-4530124B83E1}"
EndProject
Global
	GlobalSection(SolutionConfigurationPlatforms) = preSolution
		Debug|Any CPU = Debug|Any CPU
		Release|Any CPU = Release|Any CPU
	EndGlobalSection
	GlobalSection(ProjectConfigurationPlatforms) = postSolution
		{38308D75-1A13-4AEF-ABC1-1CAA4E26347F}.Debug|Any CPU.ActiveCfg = Debug|Any CPU
		{38308D75-1A13-4AEF-ABC1-1CAA4E26347F}.Debug|Any CPU.Build.0 = Debug|Any CPU
		{38308D75-1A13-4AEF-ABC1-1CAA4E26347F}.Release|Any CPU.ActiveCfg = Release|Any CPU
		{38308D75-1A13-4AEF-ABC1-1CAA4E26347F}.Release|Any CPU.Build.0 = Release|Any CPU
		{3C30B942-FF66-40EE-8A51-D981068586BA}.Debug|Any CPU.ActiveCfg = Debug|Any CPU
		{3C30B942-FF66-40EE-8A51-D981068586BA}.Debug|Any CPU.Build.0 = Debug|Any CPU
		{3C30B942-FF66-40EE-8A51-D981068586BA}.Release|Any CPU.ActiveCfg = Release|Any CPU
		{3C30B942-FF66-40EE-8A51-D981068586BA}.Release|Any CPU.Build.0 = Release|Any CPU
		{1A075888-AB83-49A2-A422-4530124B83E1}.Debug|Any CPU.ActiveCfg = Debug|Any CPU
		{1A075888-AB83-49A2-A422-4530124B83E1}.Debug|Any CPU.Build.0 = Debug|Any CPU
		{1A075888-AB83-49A2-A422-4530124B83E1}.Release|Any CPU.ActiveCfg = Release|Any CPU
		{1A075888-AB83-49A2-A422-4530124B83E1}.Release|Any CPU.Build.0 = Release|Any CPU
	EndGlobalSection
	GlobalSection(SolutionProperties) = preSolution
		HideSolutionNode = FALSE
	EndGlobalSection
EndGlobal
